// !$*UTF8*$!
{
	archiveVersion = 1;
	classes = {
	};
	objectVersion = 77;
	objects = {

/* Begin PBXBuildFile section */
		5D4A5FC42F5FC02B00A60825 /* Alamofire in Frameworks */ = {isa = PBXBuildFile; productRef = 5D4A5FC32F5FC02B00A60825 /* Alamofire */; };
		5D4A5FC92F5FC1C200A60825 /* SnapKit in Frameworks */ = {isa = PBXBuildFile; productRef = 5D4A5FC82F5FC1C200A60825 /* SnapKit */; };
		5D4A5FCD2F5FC33600A60825 /* CarmagineUITests.swift in Sources */ = {isa = PBXBuildFile; fileRef = 5D4A5FCA2F5FC33600A60825 /* CarmagineUITests.swift */; };
		5D4A5FCE2F5FC33600A60825 /* CarmagineUITestsLaunchTests.swift in Sources */ = {isa = PBXBuildFile; fileRef = 5D4A5FCB2F5FC33600A60825 /* CarmagineUITestsLaunchTests.swift */; };
		5D4A5FD92F5FC33600A60825 /* AppDelegate.swift in Sources */ = {isa = PBXBuildFile; fileRef = 5D4A5FCF2F5FC33600A60825 /* AppDelegate.swift */; };
		5D4A5FDA2F5FC33600A60825 /* SceneDelegate.swift in Sources */ = {isa = PBXBuildFile; fileRef = 5D4A5FD62F5FC33600A60825 /* SceneDelegate.swift */; };
		5D4A5FDB2F5FC33600A60825 /* ViewController.swift in Sources */ = {isa = PBXBuildFile; fileRef = 5D4A5FD72F5FC33600A60825 /* ViewController.swift */; };
		5D4A5FDC2F5FC33600A60825 /* Assets.xcassets in Resources */ = {isa = PBXBuildFile; fileRef = 5D4A5FD02F5FC33600A60825 /* Assets.xcassets */; };
		5D4A5FDE2F5FC33600A60825 /* LaunchScreen.storyboard in Resources */ = {isa = PBXBuildFile; fileRef = 5D4A5FD32F5FC33600A60825 /* LaunchScreen.storyboard */; };
		5D4A5FE22F5FC33600A60825 /* CarmagineTests.swift in Sources */ = {isa = PBXBuildFile; fileRef = 5D4A5FE02F5FC33600A60825 /* CarmagineTests.swift */; };
		5D872F552F5FEBD90016D769 /* HomePageViewController.swift in Sources */ = {isa = PBXBuildFile; fileRef = 5D872F542F5FEBD30016D769 /* HomePageViewController.swift */; };
		5D872F572F5FEC3C0016D769 /* HomePageInteractor.swift in Sources */ = {isa = PBXBuildFile; fileRef = 5D872F562F5FEBFA0016D769 /* HomePageInteractor.swift */; };
		5D872F5A2F5FF1F40016D769 /* Kingfisher in Frameworks */ = {isa = PBXBuildFile; productRef = 5D872F592F5FF1F40016D769 /* Kingfisher */; };
		5D872F5D2F5FF23E0016D769 /* ViewCodeProtocol.swift in Sources */ = {isa = PBXBuildFile; fileRef = 5D872F5C2F5FF2380016D769 /* ViewCodeProtocol.swift */; };
		5D872F5F2F5FF3720016D769 /* HomePagePresenter.swift in Sources */ = {isa = PBXBuildFile; fileRef = 5D872F5E2F5FF3610016D769 /* HomePagePresenter.swift */; };
		5D872F622F5FF4570016D769 /* RestClient.swift in Sources */ = {isa = PBXBuildFile; fileRef = 5D872F612F5FF4530016D769 /* RestClient.swift */; };
		5D872F642F5FF66F0016D769 /* EndPoints.swift in Sources */ = {isa = PBXBuildFile; fileRef = 5D872F632F5FF66C0016D769 /* EndPoints.swift */; };
		5D872F662F600B370016D769 /* HomePageWorker.swift in Sources */ = {isa = PBXBuildFile; fileRef = 5D872F652F600B320016D769 /* HomePageWorker.swift */; };
		5D872F682F600B3D0016D769 /* HomePageModel.swift in Sources */ = {isa = PBXBuildFile; fileRef = 5D872F672F600B3A0016D769 /* HomePageModel.swift */; };
		5D872F6B2F600D900016D769 /* PictureListTableViewCell.swift in Sources */ = {isa = PBXBuildFile; fileRef = 5D872F6A2F600D890016D769 /* PictureListTableViewCell.swift */; };
		5D872F6D2F60154F0016D769 /* HomePageComposer.swift in Sources */ = {isa = PBXBuildFile; fileRef = 5D872F6C2F60154B0016D769 /* HomePageComposer.swift */; };
		5D872F722F601F0F0016D769 /* UIView+Extension.swift in Sources */ = {isa = PBXBuildFile; fileRef = 5D872F712F601F0C0016D769 /* UIView+Extension.swift */; };
		5D872F7A2F610AC10016D769 /* DetailPageComposer.swift in Sources */ = {isa = PBXBuildFile; fileRef = 5D872F762F610AC10016D769 /* DetailPageComposer.swift */; };
		5D872F7B2F610AC10016D769 /* DetailPageInteractor.swift in Sources */ = {isa = PBXBuildFile; fileRef = 5D872F772F610AC10016D769 /* DetailPageInteractor.swift */; };
		5D872F7C2F610AC10016D769 /* DetailPagePresenter.swift in Sources */ = {isa = PBXBuildFile; fileRef = 5D872F782F610AC10016D769 /* DetailPagePresenter.swift */; };
		5D872F7D2F610AC10016D769 /* DetailPageViewController.swift in Sources */ = {isa = PBXBuildFile; fileRef = 5D872F792F610AC10016D769 /* DetailPageViewController.swift */; };
/* End PBXBuildFile section */

/* Begin PBXContainerItemProxy section */
		5D4A5FA52F5FBE1F00A60825 /* PBXContainerItemProxy */ = {
			isa = PBXContainerItemProxy;
			containerPortal = 5D4A5F862F5FBE1C00A60825 /* Project object */;
			proxyType = 1;
			remoteGlobalIDString = 5D4A5F8D2F5FBE1C00A60825;
			remoteInfo = Carmagine;
		};
		5D4A5FAF2F5FBE1F00A60825 /* PBXContainerItemProxy */ = {
			isa = PBXContainerItemProxy;
			containerPortal = 5D4A5F862F5FBE1C00A60825 /* Project object */;
			proxyType = 1;
			remoteGlobalIDString = 5D4A5F8D2F5FBE1C00A60825;
			remoteInfo = Carmagine;
		};
/* End PBXContainerItemProxy section */

/* Begin PBXFileReference section */
		5D4A5F8E2F5FBE1C00A60825 /* Carmagine.app */ = {isa = PBXFileReference; explicitFileType = wrapper.application; includeInIndex = 0; path = Carmagine.app; sourceTree = BUILT_PRODUCTS_DIR; };
		5D4A5FA42F5FBE1F00A60825 /* CarmagineTests.xctest */ = {isa = PBXFileReference; explicitFileType = wrapper.cfbundle; includeInIndex = 0; path = CarmagineTests.xctest; sourceTree = BUILT_PRODUCTS_DIR; };
		5D4A5FAE2F5FBE1F00A60825 /* CarmagineUITests.xctest */ = {isa = PBXFileReference; explicitFileType = wrapper.cfbundle; includeInIndex = 0; path = CarmagineUITests.xctest; sourceTree = BUILT_PRODUCTS_DIR; };
		5D4A5FCA2F5FC33600A60825 /* CarmagineUITests.swift */ = {isa = PBXFileReference; lastKnownFileType = sourcecode.swift; path = CarmagineUITests.swift; sourceTree = "<group>"; };
		5D4A5FCB2F5FC33600A60825 /* CarmagineUITestsLaunchTests.swift */ = {isa = PBXFileReference; lastKnownFileType = sourcecode.swift; path = CarmagineUITestsLaunchTests.swift; sourceTree = "<group>"; };
		5D4A5FCF2F5FC33600A60825 /* AppDelegate.swift */ = {isa = PBXFileReference; lastKnownFileType = sourcecode.swift; path = AppDelegate.swift; sourceTree = "<group>"; };
		5D4A5FD02F5FC33600A60825 /* Assets.xcassets */ = {isa = PBXFileReference; lastKnownFileType = folder.assetcatalog; path = Assets.xcassets; sourceTree = "<group>"; };
		5D4A5FD12F5FC33600A60825 /* Info.plist */ = {isa = PBXFileReference; lastKnownFileType = text.plist.xml; path = Info.plist; sourceTree = "<group>"; };
		5D4A5FD22F5FC33600A60825 /* Base */ = {isa = PBXFileReference; lastKnownFileType = file.storyboard; name = Base; path = Base.lproj/LaunchScreen.storyboard; sourceTree = "<group>"; };
		5D4A5FD62F5FC33600A60825 /* SceneDelegate.swift */ = {isa = PBXFileReference; lastKnownFileType = sourcecode.swift; path = SceneDelegate.swift; sourceTree = "<group>"; };
		5D4A5FD72F5FC33600A60825 /* ViewController.swift */ = {isa = PBXFileReference; lastKnownFileType = sourcecode.swift; path = ViewController.swift; sourceTree = "<group>"; };
		5D4A5FE02F5FC33600A60825 /* CarmagineTests.swift */ = {isa = PBXFileReference; lastKnownFileType = sourcecode.swift; path = CarmagineTests.swift; sourceTree = "<group>"; };
		5D4A5FE32F5FC36000A60825 /* .gitignore */ = {isa = PBXFileReference; lastKnownFileType = sourcecode.swift; path = .gitignore; sourceTree = "<group>"; };
		5D872F542F5FEBD30016D769 /* HomePageViewController.swift */ = {isa = PBXFileReference; lastKnownFileType = sourcecode.swift; path = HomePageViewController.swift; sourceTree = "<group>"; };
		5D872F562F5FEBFA0016D769 /* HomePageInteractor.swift */ = {isa = PBXFileReference; lastKnownFileType = sourcecode.swift; path = HomePageInteractor.swift; sourceTree = "<group>"; };
		5D872F5C2F5FF2380016D769 /* ViewCodeProtocol.swift */ = {isa = PBXFileReference; lastKnownFileType = sourcecode.swift; path = ViewCodeProtocol.swift; sourceTree = "<group>"; };
		5D872F5E2F5FF3610016D769 /* HomePagePresenter.swift */ = {isa = PBXFileReference; lastKnownFileType = sourcecode.swift; path = HomePagePresenter.swift; sourceTree = "<group>"; };
		5D872F612F5FF4530016D769 /* RestClient.swift */ = {isa = PBXFileReference; lastKnownFileType = sourcecode.swift; path = RestClient.swift; sourceTree = "<group>"; };
		5D872F632F5FF66C0016D769 /* EndPoints.swift */ = {isa = PBXFileReference; lastKnownFileType = sourcecode.swift; path = EndPoints.swift; sourceTree = "<group>"; };
		5D872F652F600B320016D769 /* HomePageWorker.swift */ = {isa = PBXFileReference; lastKnownFileType = sourcecode.swift; path = HomePageWorker.swift; sourceTree = "<group>"; };
		5D872F672F600B3A0016D769 /* HomePageModel.swift */ = {isa = PBXFileReference; lastKnownFileType = sourcecode.swift; path = HomePageModel.swift; sourceTree = "<group>"; };
		5D872F6A2F600D890016D769 /* PictureListTableViewCell.swift */ = {isa = PBXFileReference; lastKnownFileType = sourcecode.swift; path = PictureListTableViewCell.swift; sourceTree = "<group>"; };
		5D872F6C2F60154B0016D769 /* HomePageComposer.swift */ = {isa = PBXFileReference; lastKnownFileType = sourcecode.swift; path = HomePageComposer.swift; sourceTree = "<group>"; };
		5D872F712F601F0C0016D769 /* UIView+Extension.swift */ = {isa = PBXFileReference; lastKnownFileType = sourcecode.swift; path = "UIView+Extension.swift"; sourceTree = "<group>"; };
		5D872F762F610AC10016D769 /* DetailPageComposer.swift */ = {isa = PBXFileReference; lastKnownFileType = sourcecode.swift; path = DetailPageComposer.swift; sourceTree = "<group>"; };
		5D872F772F610AC10016D769 /* DetailPageInteractor.swift */ = {isa = PBXFileReference; lastKnownFileType = sourcecode.swift; path = DetailPageInteractor.swift; sourceTree = "<group>"; };
		5D872F782F610AC10016D769 /* DetailPagePresenter.swift */ = {isa = PBXFileReference; lastKnownFileType = sourcecode.swift; path = DetailPagePresenter.swift; sourceTree = "<group>"; };
		5D872F792F610AC10016D769 /* DetailPageViewController.swift */ = {isa = PBXFileReference; lastKnownFileType = sourcecode.swift; path = DetailPageViewController.swift; sourceTree = "<group>"; };
/* End PBXFileReference section */

/* Begin PBXFrameworksBuildPhase section */
		5D4A5F8B2F5FBE1C00A60825 /* Frameworks */ = {
			isa = PBXFrameworksBuildPhase;
			buildActionMask = 2147483647;
			files = (
				5D872F5A2F5FF1F40016D769 /* Kingfisher in Frameworks */,
				5D4A5FC92F5FC1C200A60825 /* SnapKit in Frameworks */,
				5D4A5FC42F5FC02B00A60825 /* Alamofire in Frameworks */,
			);
			runOnlyForDeploymentPostprocessing = 0;
		};
		5D4A5FA12F5FBE1F00A60825 /* Frameworks */ = {
			isa = PBXFrameworksBuildPhase;
			buildActionMask = 2147483647;
			files = (
			);
			runOnlyForDeploymentPostprocessing = 0;
		};
		5D4A5FAB2F5FBE1F00A60825 /* Frameworks */ = {
			isa = PBXFrameworksBuildPhase;
			buildActionMask = 2147483647;
			files = (
			);
			runOnlyForDeploymentPostprocessing = 0;
		};
/* End PBXFrameworksBuildPhase section */

/* Begin PBXGroup section */
		5D4A5F852F5FBE1C00A60825 = {
			isa = PBXGroup;
			children = (
				5D4A5FE32F5FC36000A60825 /* .gitignore */,
				5D4A5FD82F5FC33600A60825 /* Carmagine */,
				5D4A5FE12F5FC33600A60825 /* CarmagineTests */,
				5D4A5FCC2F5FC33600A60825 /* CarmagineUITests */,
				5D4A5F8F2F5FBE1C00A60825 /* Products */,
			);
			sourceTree = "<group>";
		};
		5D4A5F8F2F5FBE1C00A60825 /* Products */ = {
			isa = PBXGroup;
			children = (
				5D4A5F8E2F5FBE1C00A60825 /* Carmagine.app */,
				5D4A5FA42F5FBE1F00A60825 /* CarmagineTests.xctest */,
				5D4A5FAE2F5FBE1F00A60825 /* CarmagineUITests.xctest */,
			);
			name = Products;
			sourceTree = "<group>";
		};
		5D4A5FCC2F5FC33600A60825 /* CarmagineUITests */ = {
			isa = PBXGroup;
			children = (
				5D4A5FCA2F5FC33600A60825 /* CarmagineUITests.swift */,
				5D4A5FCB2F5FC33600A60825 /* CarmagineUITestsLaunchTests.swift */,
			);
			path = CarmagineUITests;
			sourceTree = "<group>";
		};
		5D4A5FD82F5FC33600A60825 /* Carmagine */ = {
			isa = PBXGroup;
			children = (
				5D872F702F601F020016D769 /* Extension */,
				5D872F602F5FF44B0016D769 /* RestClient */,
				5D872F5B2F5FF2310016D769 /* Protocol */,
				5D872F522F5FEBBB0016D769 /* Features */,
				5D872F512F5FEBA10016D769 /* App */,
				5D4A5FD02F5FC33600A60825 /* Assets.xcassets */,
				5D4A5FD12F5FC33600A60825 /* Info.plist */,
				5D4A5FD32F5FC33600A60825 /* LaunchScreen.storyboard */,
			);
			path = Carmagine;
			sourceTree = "<group>";
		};
		5D4A5FE12F5FC33600A60825 /* CarmagineTests */ = {
			isa = PBXGroup;
			children = (
				5D4A5FE02F5FC33600A60825 /* CarmagineTests.swift */,
			);
			path = CarmagineTests;
			sourceTree = "<group>";
		};
		5D872F512F5FEBA10016D769 /* App */ = {
			isa = PBXGroup;
			children = (
				5D4A5FCF2F5FC33600A60825 /* AppDelegate.swift */,
				5D4A5FD62F5FC33600A60825 /* SceneDelegate.swift */,
				5D4A5FD72F5FC33600A60825 /* ViewController.swift */,
			);
			path = App;
			sourceTree = "<group>";
		};
		5D872F522F5FEBBB0016D769 /* Features */ = {
			isa = PBXGroup;
			children = (
				5D872F752F6108D40016D769 /* ImageDetail */,
				5D872F532F5FEBCA0016D769 /* Homepage */,
			);
			path = Features;
			sourceTree = "<group>";
		};
		5D872F532F5FEBCA0016D769 /* Homepage */ = {
			isa = PBXGroup;
			children = (
				5D872F6C2F60154B0016D769 /* HomePageComposer.swift */,
				5D872F6A2F600D890016D769 /* PictureListTableViewCell.swift */,
				5D872F672F600B3A0016D769 /* HomePageModel.swift */,
				5D872F652F600B320016D769 /* HomePageWorker.swift */,
				5D872F5E2F5FF3610016D769 /* HomePagePresenter.swift */,
				5D872F562F5FEBFA0016D769 /* HomePageInteractor.swift */,
				5D872F542F5FEBD30016D769 /* HomePageViewController.swift */,
			);
			path = Homepage;
			sourceTree = "<group>";
		};
		5D872F5B2F5FF2310016D769 /* Protocol */ = {
			isa = PBXGroup;
			children = (
				5D872F5C2F5FF2380016D769 /* ViewCodeProtocol.swift */,
			);
			path = Protocol;
			sourceTree = "<group>";
		};
		5D872F602F5FF44B0016D769 /* RestClient */ = {
			isa = PBXGroup;
			children = (
				5D872F632F5FF66C0016D769 /* EndPoints.swift */,
				5D872F612F5FF4530016D769 /* RestClient.swift */,
			);
			path = RestClient;
			sourceTree = "<group>";
		};
		5D872F702F601F020016D769 /* Extension */ = {
			isa = PBXGroup;
			children = (
				5D872F712F601F0C0016D769 /* UIView+Extension.swift */,
			);
			path = Extension;
			sourceTree = "<group>";
		};
		5D872F752F6108D40016D769 /* ImageDetail */ = {
			isa = PBXGroup;
			children = (
				5D872F762F610AC10016D769 /* DetailPageComposer.swift */,
				5D872F772F610AC10016D769 /* DetailPageInteractor.swift */,
				5D872F782F610AC10016D769 /* DetailPagePresenter.swift */,
				5D872F792F610AC10016D769 /* DetailPageViewController.swift */,
			);
			path = ImageDetail;
			sourceTree = "<group>";
		};
/* End PBXGroup section */

/* Begin PBXNativeTarget section */
		5D4A5F8D2F5FBE1C00A60825 /* Carmagine */ = {
			isa = PBXNativeTarget;
			buildConfigurationList = 5D4A5FB72F5FBE1F00A60825 /* Build configuration list for PBXNativeTarget "Carmagine" */;
			buildPhases = (
				5D4A5F8A2F5FBE1C00A60825 /* Sources */,
				5D4A5F8B2F5FBE1C00A60825 /* Frameworks */,
				5D4A5F8C2F5FBE1C00A60825 /* Resources */,
			);
			buildRules = (
			);
			dependencies = (
			);
			name = Carmagine;
			packageProductDependencies = (
				5D4A5FC32F5FC02B00A60825 /* Alamofire */,
				5D4A5FC82F5FC1C200A60825 /* SnapKit */,
				5D872F592F5FF1F40016D769 /* Kingfisher */,
			);
			productName = Carmagine;
			productReference = 5D4A5F8E2F5FBE1C00A60825 /* Carmagine.app */;
			productType = "com.apple.product-type.application";
		};
		5D4A5FA32F5FBE1F00A60825 /* CarmagineTests */ = {
			isa = PBXNativeTarget;
			buildConfigurationList = 5D4A5FBC2F5FBE1F00A60825 /* Build configuration list for PBXNativeTarget "CarmagineTests" */;
			buildPhases = (
				5D4A5FA02F5FBE1F00A60825 /* Sources */,
				5D4A5FA12F5FBE1F00A60825 /* Frameworks */,
				5D4A5FA22F5FBE1F00A60825 /* Resources */,
			);
			buildRules = (
			);
			dependencies = (
				5D4A5FA62F5FBE1F00A60825 /* PBXTargetDependency */,
			);
			name = CarmagineTests;
			packageProductDependencies = (
			);
			productName = CarmagineTests;
			productReference = 5D4A5FA42F5FBE1F00A60825 /* CarmagineTests.xctest */;
			productType = "com.apple.product-type.bundle.unit-test";
		};
		5D4A5FAD2F5FBE1F00A60825 /* CarmagineUITests */ = {
			isa = PBXNativeTarget;
			buildConfigurationList = 5D4A5FBF2F5FBE1F00A60825 /* Build configuration list for PBXNativeTarget "CarmagineUITests" */;
			buildPhases = (
				5D4A5FAA2F5FBE1F00A60825 /* Sources */,
				5D4A5FAB2F5FBE1F00A60825 /* Frameworks */,
				5D4A5FAC2F5FBE1F00A60825 /* Resources */,
			);
			buildRules = (
			);
			dependencies = (
				5D4A5FB02F5FBE1F00A60825 /* PBXTargetDependency */,
			);
			name = CarmagineUITests;
			packageProductDependencies = (
			);
			productName = CarmagineUITests;
			productReference = 5D4A5FAE2F5FBE1F00A60825 /* CarmagineUITests.xctest */;
			productType = "com.apple.product-type.bundle.ui-testing";
		};
/* End PBXNativeTarget section */

/* Begin PBXProject section */
		5D4A5F862F5FBE1C00A60825 /* Project object */ = {
			isa = PBXProject;
			attributes = {
				BuildIndependentTargetsInParallel = 1;
				LastSwiftUpdateCheck = 2620;
				LastUpgradeCheck = 2620;
				TargetAttributes = {
					5D4A5F8D2F5FBE1C00A60825 = {
						CreatedOnToolsVersion = 26.2;
					};
					5D4A5FA32F5FBE1F00A60825 = {
						CreatedOnToolsVersion = 26.2;
						TestTargetID = 5D4A5F8D2F5FBE1C00A60825;
					};
					5D4A5FAD2F5FBE1F00A60825 = {
						CreatedOnToolsVersion = 26.2;
						TestTargetID = 5D4A5F8D2F5FBE1C00A60825;
					};
				};
			};
			buildConfigurationList = 5D4A5F892F5FBE1C00A60825 /* Build configuration list for PBXProject "Carmagine" */;
			developmentRegion = en;
			hasScannedForEncodings = 0;
			knownRegions = (
				en,
				Base,
			);
			mainGroup = 5D4A5F852F5FBE1C00A60825;
			minimizedProjectReferenceProxies = 1;
			packageReferences = (
				5D4A5FC22F5FC02B00A60825 /* XCRemoteSwiftPackageReference "Alamofire" */,
				5D4A5FC72F5FC1C200A60825 /* XCRemoteSwiftPackageReference "SnapKit" */,
				5D872F582F5FF1F40016D769 /* XCRemoteSwiftPackageReference "Kingfisher" */,
			);
			preferredProjectObjectVersion = 77;
			productRefGroup = 5D4A5F8F2F5FBE1C00A60825 /* Products */;
			projectDirPath = "";
			projectRoot = "";
			targets = (
				5D4A5F8D2F5FBE1C00A60825 /* Carmagine */,
				5D4A5FA32F5FBE1F00A60825 /* CarmagineTests */,
				5D4A5FAD2F5FBE1F00A60825 /* CarmagineUITests */,
			);
		};
/* End PBXProject section */

/* Begin PBXResourcesBuildPhase section */
		5D4A5F8C2F5FBE1C00A60825 /* Resources */ = {
			isa = PBXResourcesBuildPhase;
			buildActionMask = 2147483647;
			files = (
				5D4A5FDC2F5FC33600A60825 /* Assets.xcassets in Resources */,
				5D4A5FDE2F5FC33600A60825 /* LaunchScreen.storyboard in Resources */,
			);
			runOnlyForDeploymentPostprocessing = 0;
		};
		5D4A5FA22F5FBE1F00A60825 /* Resources */ = {
			isa = PBXResourcesBuildPhase;
			buildActionMask = 2147483647;
			files = (
			);
			runOnlyForDeploymentPostprocessing = 0;
		};
		5D4A5FAC2F5FBE1F00A60825 /* Resources */ = {
			isa = PBXResourcesBuildPhase;
			buildActionMask = 2147483647;
			files = (
			);
			runOnlyForDeploymentPostprocessing = 0;
		};
/* End PBXResourcesBuildPhase section */

/* Begin PBXSourcesBuildPhase section */
		5D4A5F8A2F5FBE1C00A60825 /* Sources */ = {
			isa = PBXSourcesBuildPhase;
			buildActionMask = 2147483647;
			files = (
				5D872F622F5FF4570016D769 /* RestClient.swift in Sources */,
				5D872F642F5FF66F0016D769 /* EndPoints.swift in Sources */,
				5D4A5FD92F5FC33600A60825 /* AppDelegate.swift in Sources */,
				5D872F5D2F5FF23E0016D769 /* ViewCodeProtocol.swift in Sources */,
				5D872F5F2F5FF3720016D769 /* HomePagePresenter.swift in Sources */,
				5D872F7A2F610AC10016D769 /* DetailPageComposer.swift in Sources */,
				5D872F7B2F610AC10016D769 /* DetailPageInteractor.swift in Sources */,
				5D872F7C2F610AC10016D769 /* DetailPagePresenter.swift in Sources */,
				5D872F7D2F610AC10016D769 /* DetailPageViewController.swift in Sources */,
				5D872F662F600B370016D769 /* HomePageWorker.swift in Sources */,
				5D4A5FDA2F5FC33600A60825 /* SceneDelegate.swift in Sources */,
				5D872F572F5FEC3C0016D769 /* HomePageInteractor.swift in Sources */,
				5D872F722F601F0F0016D769 /* UIView+Extension.swift in Sources */,
				5D872F6B2F600D900016D769 /* PictureListTableViewCell.swift in Sources */,
				5D872F682F600B3D0016D769 /* HomePageModel.swift in Sources */,
				5D872F552F5FEBD90016D769 /* HomePageViewController.swift in Sources */,
				5D872F6D2F60154F0016D769 /* HomePageComposer.swift in Sources */,
				5D4A5FDB2F5FC33600A60825 /* ViewController.swift in Sources */,
			);
			runOnlyForDeploymentPostprocessing = 0;
		};
		5D4A5FA02F5FBE1F00A60825 /* Sources */ = {
			isa = PBXSourcesBuildPhase;
			buildActionMask = 2147483647;
			files = (
				5D4A5FE22F5FC33600A60825 /* CarmagineTests.swift in Sources */,
			);
			runOnlyForDeploymentPostprocessing = 0;
		};
		5D4A5FAA2F5FBE1F00A60825 /* Sources */ = {
			isa = PBXSourcesBuildPhase;
			buildActionMask = 2147483647;
			files = (
				5D4A5FCD2F5FC33600A60825 /* CarmagineUITests.swift in Sources */,
				5D4A5FCE2F5FC33600A60825 /* CarmagineUITestsLaunchTests.swift in Sources */,
			);
			runOnlyForDeploymentPostprocessing = 0;
		};
/* End PBXSourcesBuildPhase section */

/* Begin PBXTargetDependency section */
		5D4A5FA62F5FBE1F00A60825 /* PBXTargetDependency */ = {
			isa = PBXTargetDependency;
			target = 5D4A5F8D2F5FBE1C00A60825 /* Carmagine */;
			targetProxy = 5D4A5FA52F5FBE1F00A60825 /* PBXContainerItemProxy */;
		};
		5D4A5FB02F5FBE1F00A60825 /* PBXTargetDependency */ = {
			isa = PBXTargetDependency;
			target = 5D4A5F8D2F5FBE1C00A60825 /* Carmagine */;
			targetProxy = 5D4A5FAF2F5FBE1F00A60825 /* PBXContainerItemProxy */;
		};
/* End PBXTargetDependency section */

/* Begin PBXVariantGroup section */
		5D4A5FD32F5FC33600A60825 /* LaunchScreen.storyboard */ = {
			isa = PBXVariantGroup;
			children = (
				5D4A5FD22F5FC33600A60825 /* Base */,
			);
			name = LaunchScreen.storyboard;
			sourceTree = "<group>";
		};
/* End PBXVariantGroup section */

/* Begin XCBuildConfiguration section */
		5D4A5FB82F5FBE1F00A60825 /* Debug */ = {
			isa = XCBuildConfiguration;
			buildSettings = {
				ASSETCATALOG_COMPILER_APPICON_NAME = AppIcon;
				ASSETCATALOG_COMPILER_GLOBAL_ACCENT_COLOR_NAME = AccentColor;
				CODE_SIGN_STYLE = Automatic;
				CURRENT_PROJECT_VERSION = 1;
				GENERATE_INFOPLIST_FILE = YES;
				INFOPLIST_FILE = Carmagine/Info.plist;
				INFOPLIST_KEY_UIApplicationSupportsIndirectInputEvents = YES;
				INFOPLIST_KEY_UILaunchStoryboardName = LaunchScreen;
				INFOPLIST_KEY_UISupportedInterfaceOrientations_iPad = "UIInterfaceOrientationPortrait UIInterfaceOrientationPortraitUpsideDown UIInterfaceOrientationLandscapeLeft UIInterfaceOrientationLandscapeRight";
				INFOPLIST_KEY_UISupportedInterfaceOrientations_iPhone = "UIInterfaceOrientationPortrait UIInterfaceOrientationLandscapeLeft UIInterfaceOrientationLandscapeRight";
				IPHONEOS_DEPLOYMENT_TARGET = 16.0;
				LD_RUNPATH_SEARCH_PATHS = (
					"$(inherited)",
					"@executable_path/Frameworks",
				);
				MARKETING_VERSION = 1.0;
				PRODUCT_BUNDLE_IDENTIFIER = id.terre.Carmagine;
				PRODUCT_NAME = "$(TARGET_NAME)";
				STRING_CATALOG_GENERATE_SYMBOLS = YES;
				SWIFT_APPROACHABLE_CONCURRENCY = YES;
				SWIFT_DEFAULT_ACTOR_ISOLATION = MainActor;
				SWIFT_EMIT_LOC_STRINGS = YES;
				SWIFT_UPCOMING_FEATURE_MEMBER_IMPORT_VISIBILITY = YES;
				SWIFT_VERSION = 5.0;
				TARGETED_DEVICE_FAMILY = "1,2";
			};
			name = Debug;
		};
		5D4A5FB92F5FBE1F00A60825 /* Release */ = {
			isa = XCBuildConfiguration;
			buildSettings = {
				ASSETCATALOG_COMPILER_APPICON_NAME = AppIcon;
				ASSETCATALOG_COMPILER_GLOBAL_ACCENT_COLOR_NAME = AccentColor;
				CODE_SIGN_STYLE = Automatic;
				CURRENT_PROJECT_VERSION = 1;
				GENERATE_INFOPLIST_FILE = YES;
				INFOPLIST_FILE = Carmagine/Info.plist;
				INFOPLIST_KEY_UIApplicationSupportsIndirectInputEvents = YES;
				INFOPLIST_KEY_UILaunchStoryboardName = LaunchScreen;
				INFOPLIST_KEY_UISupportedInterfaceOrientations_iPad = "UIInterfaceOrientationPortrait UIInterfaceOrientationPortraitUpsideDown UIInterfaceOrientationLandscapeLeft UIInterfaceOrientationLandscapeRight";
				INFOPLIST_KEY_UISupportedInterfaceOrientations_iPhone = "UIInterfaceOrientationPortrait UIInterfaceOrientationLandscapeLeft UIInterfaceOrientationLandscapeRight";
				IPHONEOS_DEPLOYMENT_TARGET = 16.0;
				LD_RUNPATH_SEARCH_PATHS = (
					"$(inherited)",
					"@executable_path/Frameworks",
				);
				MARKETING_VERSION = 1.0;
				PRODUCT_BUNDLE_IDENTIFIER = id.terre.Carmagine;
				PRODUCT_NAME = "$(TARGET_NAME)";
				STRING_CATALOG_GENERATE_SYMBOLS = YES;
				SWIFT_APPROACHABLE_CONCURRENCY = YES;
				SWIFT_DEFAULT_ACTOR_ISOLATION = MainActor;
				SWIFT_EMIT_LOC_STRINGS = YES;
				SWIFT_UPCOMING_FEATURE_MEMBER_IMPORT_VISIBILITY = YES;
				SWIFT_VERSION = 5.0;
				TARGETED_DEVICE_FAMILY = "1,2";
			};
			name = Release;
		};
		5D4A5FBA2F5FBE1F00A60825 /* Debug */ = {
			isa = XCBuildConfiguration;
			buildSettings = {
				ALWAYS_SEARCH_USER_PATHS = NO;
				ASSETCATALOG_COMPILER_GENERATE_SWIFT_ASSET_SYMBOL_EXTENSIONS = YES;
				CLANG_ANALYZER_NONNULL = YES;
				CLANG_ANALYZER_NUMBER_OBJECT_CONVERSION = YES_AGGRESSIVE;
				CLANG_CXX_LANGUAGE_STANDARD = "gnu++20";
				CLANG_ENABLE_MODULES = YES;
				CLANG_ENABLE_OBJC_ARC = YES;
				CLANG_ENABLE_OBJC_WEAK = YES;
				CLANG_WARN_BLOCK_CAPTURE_AUTORELEASING = YES;
				CLANG_WARN_BOOL_CONVERSION = YES;
				CLANG_WARN_COMMA = YES;
				CLANG_WARN_CONSTANT_CONVERSION = YES;
				CLANG_WARN_DEPRECATED_OBJC_IMPLEMENTATIONS = YES;
				CLANG_WARN_DIRECT_OBJC_ISA_USAGE = YES_ERROR;
				CLANG_WARN_DOCUMENTATION_COMMENTS = YES;
				CLANG_WARN_EMPTY_BODY = YES;
				CLANG_WARN_ENUM_CONVERSION = YES;
				CLANG_WARN_INFINITE_RECURSION = YES;
				CLANG_WARN_INT_CONVERSION = YES;
				CLANG_WARN_NON_LITERAL_NULL_CONVERSION = YES;
				CLANG_WARN_OBJC_IMPLICIT_RETAIN_SELF = YES;
				CLANG_WARN_OBJC_LITERAL_CONVERSION = YES;
				CLANG_WARN_OBJC_ROOT_CLASS = YES_ERROR;
				CLANG_WARN_QUOTED_INCLUDE_IN_FRAMEWORK_HEADER = YES;
				CLANG_WARN_RANGE_LOOP_ANALYSIS = YES;
				CLANG_WARN_STRICT_PROTOTYPES = YES;
				CLANG_WARN_SUSPICIOUS_MOVE = YES;
				CLANG_WARN_UNGUARDED_AVAILABILITY = YES_AGGRESSIVE;
				CLANG_WARN_UNREACHABLE_CODE = YES;
				CLANG_WARN__DUPLICATE_METHOD_MATCH = YES;
				COPY_PHASE_STRIP = NO;
				DEBUG_INFORMATION_FORMAT = dwarf;
				ENABLE_STRICT_OBJC_MSGSEND = YES;
				ENABLE_TESTABILITY = YES;
				ENABLE_USER_SCRIPT_SANDBOXING = YES;
				GCC_C_LANGUAGE_STANDARD = gnu17;
				GCC_DYNAMIC_NO_PIC = NO;
				GCC_NO_COMMON_BLOCKS = YES;
				GCC_OPTIMIZATION_LEVEL = 0;
				GCC_PREPROCESSOR_DEFINITIONS = (
					"DEBUG=1",
					"$(inherited)",
				);
				GCC_WARN_64_TO_32_BIT_CONVERSION = YES;
				GCC_WARN_ABOUT_RETURN_TYPE = YES_ERROR;
				GCC_WARN_UNDECLARED_SELECTOR = YES;
				GCC_WARN_UNINITIALIZED_AUTOS = YES_AGGRESSIVE;
				GCC_WARN_UNUSED_FUNCTION = YES;
				GCC_WARN_UNUSED_VARIABLE = YES;
				IPHONEOS_DEPLOYMENT_TARGET = 26.2;
				LOCALIZATION_PREFERS_STRING_CATALOGS = YES;
				MTL_ENABLE_DEBUG_INFO = INCLUDE_SOURCE;
				MTL_FAST_MATH = YES;
				ONLY_ACTIVE_ARCH = YES;
				SDKROOT = iphoneos;
				SWIFT_ACTIVE_COMPILATION_CONDITIONS = "DEBUG $(inherited)";
				SWIFT_OPTIMIZATION_LEVEL = "-Onone";
			};
			name = Debug;
		};
		5D4A5FBB2F5FBE1F00A60825 /* Release */ = {
			isa = XCBuildConfiguration;
			buildSettings = {
				ALWAYS_SEARCH_USER_PATHS = NO;
				ASSETCATALOG_COMPILER_GENERATE_SWIFT_ASSET_SYMBOL_EXTENSIONS = YES;
				CLANG_ANALYZER_NONNULL = YES;
				CLANG_ANALYZER_NUMBER_OBJECT_CONVERSION = YES_AGGRESSIVE;
				CLANG_CXX_LANGUAGE_STANDARD = "gnu++20";
				CLANG_ENABLE_MODULES = YES;
				CLANG_ENABLE_OBJC_ARC = YES;
				CLANG_ENABLE_OBJC_WEAK = YES;
				CLANG_WARN_BLOCK_CAPTURE_AUTORELEASING = YES;
				CLANG_WARN_BOOL_CONVERSION = YES;
				CLANG_WARN_COMMA = YES;
				CLANG_WARN_CONSTANT_CONVERSION = YES;
				CLANG_WARN_DEPRECATED_OBJC_IMPLEMENTATIONS = YES;
				CLANG_WARN_DIRECT_OBJC_ISA_USAGE = YES_ERROR;
				CLANG_WARN_DOCUMENTATION_COMMENTS = YES;
				CLANG_WARN_EMPTY_BODY = YES;
				CLANG_WARN_ENUM_CONVERSION = YES;
				CLANG_WARN_INFINITE_RECURSION = YES;
				CLANG_WARN_INT_CONVERSION = YES;
				CLANG_WARN_NON_LITERAL_NULL_CONVERSION = YES;
				CLANG_WARN_OBJC_IMPLICIT_RETAIN_SELF = YES;
				CLANG_WARN_OBJC_LITERAL_CONVERSION = YES;
				CLANG_WARN_OBJC_ROOT_CLASS = YES_ERROR;
				CLANG_WARN_QUOTED_INCLUDE_IN_FRAMEWORK_HEADER = YES;
				CLANG_WARN_RANGE_LOOP_ANALYSIS = YES;
				CLANG_WARN_STRICT_PROTOTYPES = YES;
				CLANG_WARN_SUSPICIOUS_MOVE = YES;
				CLANG_WARN_UNGUARDED_AVAILABILITY = YES_AGGRESSIVE;
				CLANG_WARN_UNREACHABLE_CODE = YES;
				CLANG_WARN__DUPLICATE_METHOD_MATCH = YES;
				COPY_PHASE_STRIP = NO;
				DEBUG_INFORMATION_FORMAT = "dwarf-with-dsym";
				ENABLE_NS_ASSERTIONS = NO;
				ENABLE_STRICT_OBJC_MSGSEND = YES;
				ENABLE_USER_SCRIPT_SANDBOXING = YES;
				GCC_C_LANGUAGE_STANDARD = gnu17;
				GCC_NO_COMMON_BLOCKS = YES;
				GCC_WARN_64_TO_32_BIT_CONVERSION = YES;
				GCC_WARN_ABOUT_RETURN_TYPE = YES_ERROR;
				GCC_WARN_UNDECLARED_SELECTOR = YES;
				GCC_WARN_UNINITIALIZED_AUTOS = YES_AGGRESSIVE;
				GCC_WARN_UNUSED_FUNCTION = YES;
				GCC_WARN_UNUSED_VARIABLE = YES;
				IPHONEOS_DEPLOYMENT_TARGET = 26.2;
				LOCALIZATION_PREFERS_STRING_CATALOGS = YES;
				MTL_ENABLE_DEBUG_INFO = NO;
				MTL_FAST_MATH = YES;
				SDKROOT = iphoneos;
				SWIFT_COMPILATION_MODE = wholemodule;
				VALIDATE_PRODUCT = YES;
			};
			name = Release;
		};
		5D4A5FBD2F5FBE1F00A60825 /* Debug */ = {
			isa = XCBuildConfiguration;
			buildSettings = {
				BUNDLE_LOADER = "$(TEST_HOST)";
				CODE_SIGN_STYLE = Automatic;
				CURRENT_PROJECT_VERSION = 1;
				GENERATE_INFOPLIST_FILE = YES;
				IPHONEOS_DEPLOYMENT_TARGET = 26.2;
				MARKETING_VERSION = 1.0;
				PRODUCT_BUNDLE_IDENTIFIER = id.terre.CarmagineTests;
				PRODUCT_NAME = "$(TARGET_NAME)";
				STRING_CATALOG_GENERATE_SYMBOLS = NO;
				SWIFT_APPROACHABLE_CONCURRENCY = YES;
				SWIFT_EMIT_LOC_STRINGS = NO;
				SWIFT_UPCOMING_FEATURE_MEMBER_IMPORT_VISIBILITY = YES;
				SWIFT_VERSION = 5.0;
				TARGETED_DEVICE_FAMILY = "1,2";
				TEST_HOST = "$(BUILT_PRODUCTS_DIR)/Carmagine.app/$(BUNDLE_EXECUTABLE_FOLDER_PATH)/Carmagine";
			};
			name = Debug;
		};
		5D4A5FBE2F5FBE1F00A60825 /* Release */ = {
			isa = XCBuildConfiguration;
			buildSettings = {
				BUNDLE_LOADER = "$(TEST_HOST)";
				CODE_SIGN_STYLE = Automatic;
				CURRENT_PROJECT_VERSION = 1;
				GENERATE_INFOPLIST_FILE = YES;
				IPHONEOS_DEPLOYMENT_TARGET = 26.2;
				MARKETING_VERSION = 1.0;
				PRODUCT_BUNDLE_IDENTIFIER = id.terre.CarmagineTests;
				PRODUCT_NAME = "$(TARGET_NAME)";
				STRING_CATALOG_GENERATE_SYMBOLS = NO;
				SWIFT_APPROACHABLE_CONCURRENCY = YES;
				SWIFT_EMIT_LOC_STRINGS = NO;
				SWIFT_UPCOMING_FEATURE_MEMBER_IMPORT_VISIBILITY = YES;
				SWIFT_VERSION = 5.0;
				TARGETED_DEVICE_FAMILY = "1,2";
				TEST_HOST = "$(BUILT_PRODUCTS_DIR)/Carmagine.app/$(BUNDLE_EXECUTABLE_FOLDER_PATH)/Carmagine";
			};
			name = Release;
		};
		5D4A5FC02F5FBE1F00A60825 /* Debug */ = {
			isa = XCBuildConfiguration;
			buildSettings = {
				CODE_SIGN_STYLE = Automatic;
				CURRENT_PROJECT_VERSION = 1;
				GENERATE_INFOPLIST_FILE = YES;
				MARKETING_VERSION = 1.0;
				PRODUCT_BUNDLE_IDENTIFIER = id.terre.CarmagineUITests;
				PRODUCT_NAME = "$(TARGET_NAME)";
				STRING_CATALOG_GENERATE_SYMBOLS = NO;
				SWIFT_APPROACHABLE_CONCURRENCY = YES;
				SWIFT_EMIT_LOC_STRINGS = NO;
				SWIFT_UPCOMING_FEATURE_MEMBER_IMPORT_VISIBILITY = YES;
				SWIFT_VERSION = 5.0;
				TARGETED_DEVICE_FAMILY = "1,2";
				TEST_TARGET_NAME = Carmagine;
			};
			name = Debug;
		};
		5D4A5FC12F5FBE1F00A60825 /* Release */ = {
			isa = XCBuildConfiguration;
			buildSettings = {
				CODE_SIGN_STYLE = Automatic;
				CURRENT_PROJECT_VERSION = 1;
				GENERATE_INFOPLIST_FILE = YES;
				MARKETING_VERSION = 1.0;
				PRODUCT_BUNDLE_IDENTIFIER = id.terre.CarmagineUITests;
				PRODUCT_NAME = "$(TARGET_NAME)";
				STRING_CATALOG_GENERATE_SYMBOLS = NO;
				SWIFT_APPROACHABLE_CONCURRENCY = YES;
				SWIFT_EMIT_LOC_STRINGS = NO;
				SWIFT_UPCOMING_FEATURE_MEMBER_IMPORT_VISIBILITY = YES;
				SWIFT_VERSION = 5.0;
				TARGETED_DEVICE_FAMILY = "1,2";
				TEST_TARGET_NAME = Carmagine;
			};
			name = Release;
		};
/* End XCBuildConfiguration section */

/* Begin XCConfigurationList section */
		5D4A5F892F5FBE1C00A60825 /* Build configuration list for PBXProject "Carmagine" */ = {
			isa = XCConfigurationList;
			buildConfigurations = (
				5D4A5FBA2F5FBE1F00A60825 /* Debug */,
				5D4A5FBB2F5FBE1F00A60825 /* Release */,
			);
			defaultConfigurationIsVisible = 0;
			defaultConfigurationName = Release;
		};
		5D4A5FB72F5FBE1F00A60825 /* Build configuration list for PBXNativeTarget "Carmagine" */ = {
			isa = XCConfigurationList;
			buildConfigurations = (
				5D4A5FB82F5FBE1F00A60825 /* Debug */,
				5D4A5FB92F5FBE1F00A60825 /* Release */,
			);
			defaultConfigurationIsVisible = 0;
			defaultConfigurationName = Release;
		};
		5D4A5FBC2F5FBE1F00A60825 /* Build configuration list for PBXNativeTarget "CarmagineTests" */ = {
			isa = XCConfigurationList;
			buildConfigurations = (
				5D4A5FBD2F5FBE1F00A60825 /* Debug */,
				5D4A5FBE2F5FBE1F00A60825 /* Release */,
			);
			defaultConfigurationIsVisible = 0;
			defaultConfigurationName = Release;
		};
		5D4A5FBF2F5FBE1F00A60825 /* Build configuration list for PBXNativeTarget "CarmagineUITests" */ = {
			isa = XCConfigurationList;
			buildConfigurations = (
				5D4A5FC02F5FBE1F00A60825 /* Debug */,
				5D4A5FC12F5FBE1F00A60825 /* Release */,
			);
			defaultConfigurationIsVisible = 0;
			defaultConfigurationName = Release;
		};
/* End XCConfigurationList section */

/* Begin XCRemoteSwiftPackageReference section */
		5D4A5FC22F5FC02B00A60825 /* XCRemoteSwiftPackageReference "Alamofire" */ = {
			isa = XCRemoteSwiftPackageReference;
			repositoryURL = "https://github.com/Alamofire/Alamofire.git";
			requirement = {
				kind = upToNextMajorVersion;
				minimumVersion = 5.11.1;
			};
		};
		5D4A5FC72F5FC1C200A60825 /* XCRemoteSwiftPackageReference "SnapKit" */ = {
			isa = XCRemoteSwiftPackageReference;
			repositoryURL = "https://github.com/SnapKit/SnapKit.git";
			requirement = {
				kind = upToNextMajorVersion;
				minimumVersion = 5.7.1;
			};
		};
		5D872F582F5FF1F40016D769 /* XCRemoteSwiftPackageReference "Kingfisher" */ = {
			isa = XCRemoteSwiftPackageReference;
			repositoryURL = "https://github.com/onevcat/Kingfisher.git";
			requirement = {
				kind = upToNextMajorVersion;
				minimumVersion = 8.8.0;
			};
		};
/* End XCRemoteSwiftPackageReference section */

/* Begin XCSwiftPackageProductDependency section */
		5D4A5FC32F5FC02B00A60825 /* Alamofire */ = {
			isa = XCSwiftPackageProductDependency;
			package = 5D4A5FC22F5FC02B00A60825 /* XCRemoteSwiftPackageReference "Alamofire" */;
			productName = Alamofire;
		};
		5D4A5FC82F5FC1C200A60825 /* SnapKit */ = {
			isa = XCSwiftPackageProductDependency;
			package = 5D4A5FC72F5FC1C200A60825 /* XCRemoteSwiftPackageReference "SnapKit" */;
			productName = SnapKit;
		};
		5D872F592F5FF1F40016D769 /* Kingfisher */ = {
			isa = XCSwiftPackageProductDependency;
			package = 5D872F582F5FF1F40016D769 /* XCRemoteSwiftPackageReference "Kingfisher" */;
			productName = Kingfisher;
		};
/* End XCSwiftPackageProductDependency section */
	};
	rootObject = 5D4A5F862F5FBE1C00A60825 /* Project object */;
}
